
Microsoft Visual Studio Solution File, Format Version 12.00
# Visual Studio Version 16
VisualStudioVersion = 25.0.1703.2
MinimumVisualStudioVersion = 10.0.40219.1
Project("{FAE04EC0-301F-11D3-BF4B-00C04F79EFBC}") = "Weather.Android", "Weather\Weather.Android\Weather.Android.csproj", "{0252D511-AE55-4B11-B126-1091162C8751}"
EndProject
Project("{FAE04EC0-301F-11D3-BF4B-00C04F79EFBC}") = "Weather.iOS", "Weather\Weather.iOS\Weather.iOS.csproj", "{18ECDF11-6BE7-4318-8634-4B011CFD651C}"
EndProject
Project("{FAE04EC0-301F-11D3-BF4B-00C04F79EFBC}") = "Weather", "Weather\Weather\Weather.csproj", "{D11858F7-9DA7-4E44-B2E2-DC6455DDB106}"
EndProject
Global
	GlobalSection(SolutionConfigurationPlatforms) = preSolution
		Debug|Any CPU = Debug|Any CPU
		Release|Any CPU = Release|Any CPU
		Debug|iPhoneSimulator = Debug|iPhoneSimulator
		Release|iPhoneSimulator = Release|iPhoneSimulator
		Debug|iPhone = Debug|iPhone
		Release|iPhone = Release|iPhone
	EndGlobalSection
	GlobalSection(ProjectConfigurationPlatforms) = postSolution
		{0252D511-AE55-4B11-B126-1091162C8751}.Debug|Any CPU.ActiveCfg = Debug|Any CPU
		{0252D511-AE55-4B11-B126-1091162C8751}.Debug|Any CPU.Build.0 = Debug|Any CPU
		{0252D511-AE55-4B11-B126-1091162C8751}.Release|Any CPU.ActiveCfg = Release|Any CPU
		{0252D511-AE55-4B11-B126-1091162C8751}.Release|Any CPU.Build.0 = Release|Any CPU
		{0252D511-AE55-4B11-B126-1091162C8751}.Debug|iPhoneSimulator.ActiveCfg = Debug|Any CPU
		{0252D511-AE55-4B11-B126-1091162C8751}.Debug|iPhoneSimulator.Build.0 = Debug|Any CPU
		{0252D511-AE55-4B11-B126-1091162C8751}.Release|iPhoneSimulator.ActiveCfg = Release|Any CPU
		{0252D511-AE55-4B11-B126-1091162C8751}.Release|iPhoneSimulator.Build.0 = Release|Any CPU
		{0252D511-AE55-4B11-B126-1091162C8751}.Debug|iPhone.ActiveCfg = Debug|Any CPU
		{0252D511-AE55-4B11-B126-1091162C8751}.Debug|iPhone.Build.0 = Debug|Any CPU
		{0252D511-AE55-4B11-B126-1091162C8751}.Release|iPhone.ActiveCfg = Release|Any CPU
		{0252D511-AE55-4B11-B126-1091162C8751}.Release|iPhone.Build.0 = Release|Any CPU
		{18ECDF11-6BE7-4318-8634-4B011CFD651C}.Debug|Any CPU.ActiveCfg = Debug|iPhoneSimulator
		{18ECDF11-6BE7-4318-8634-4B011CFD651C}.Debug|Any CPU.Build.0 = Debug|iPhoneSimulator
		{18ECDF11-6BE7-4318-8634-4B011CFD651C}.Release|Any CPU.ActiveCfg = Release|iPhoneSimulator
		{18ECDF11-6BE7-4318-8634-4B011CFD651C}.Release|Any CPU.Build.0 = Release|iPhoneSimulator
		{18ECDF11-6BE7-4318-8634-4B011CFD651C}.Debug|iPhoneSimulator.ActiveCfg = Debug|iPhoneSimulator
		{18ECDF11-6BE7-4318-8634-4B011CFD651C}.Debug|iPhoneSimulator.Build.0 = Debug|iPhoneSimulator
		{18ECDF11-6BE7-4318-8634-4B011CFD651C}.Release|iPhoneSimulator.ActiveCfg = Release|iPhoneSimulator
		{18ECDF11-6BE7-4318-8634-4B011CFD651C}.Release|iPhoneSimulator.Build.0 = Release|iPhoneSimulator
		{18ECDF11-6BE7-4318-8634-4B011CFD651C}.Debug|iPhone.ActiveCfg = Debug|iPhone
		{18ECDF11-6BE7-4318-8634-4B011CFD651C}.Debug|iPhone.Build.0 = Debug|iPhone
		{18ECDF11-6BE7-4318-8634-4B011CFD651C}.Release|iPhone.ActiveCfg = Release|iPhone
		{18ECDF11-6BE7-4318-8634-4B011CFD651C}.Release|iPhone.Build.0 = Release|iPhone
		{D11858F7-9DA7-4E44-B2E2-DC6455DDB106}.Debug|Any CPU.ActiveCfg = Debug|Any CPU
		{D11858F7-9DA7-4E44-B2E2-DC6455DDB106}.Debug|Any CPU.Build.0 = Debug|Any CPU
		{D11858F7-9DA7-4E44-B2E2-DC6455DDB106}.Release|Any CPU.ActiveCfg = Release|Any CPU
		{D11858F7-9DA7-4E44-B2E2-DC6455DDB106}.Release|Any CPU.Build.0 = Release|Any CPU
		{D11858F7-9DA7-4E44-B2E2-DC6455DDB106}.Debug|iPhoneSimulator.ActiveCfg = Debug|Any CPU
		{D11858F7-9DA7-4E44-B2E2-DC6455DDB106}.Debug|iPhoneSimulator.Build.0 = Debug|Any CPU
		{D11858F7-9DA7-4E44-B2E2-DC6455DDB106}.Release|iPhoneSimulator.ActiveCfg = Release|Any CPU
		{D11858F7-9DA7-4E44-B2E2-DC6455DDB106}.Release|iPhoneSimulator.Build.0 = Release|Any CPU
		{D11858F7-9DA7-4E44-B2E2-DC6455DDB106}.Debug|iPhone.ActiveCfg = Debug|Any CPU
		{D11858F7-9DA7-4E44-B2E2-DC6455DDB106}.Debug|iPhone.Build.0 = Debug|Any CPU
		{D11858F7-9DA7-4E44-B2E2-DC6455DDB106}.Release|iPhone.ActiveCfg = Release|Any CPU
		{D11858F7-9DA7-4E44-B2E2-DC6455DDB106}.Release|iPhone.Build.0 = Release|Any CPU
	EndGlobalSection
	GlobalSection(SolutionProperties) = preSolution
		HideSolutionNode = FALSE
	EndGlobalSection
	GlobalSection(ExtensibilityGlobals) = postSolution
		SolutionGuid = {8403DBEC-322D-47D3-9179-4C22EA71A34C}
	EndGlobalSection
EndGlobal
